
Microsoft Visual Studio Solution File, Format Version 12.00
# Visual Studio Version 17
VisualStudioVersion = 17.6.33801.468
MinimumVisualStudioVersion = 10.0.40219.1
Project("{FAE04EC0-301F-11D3-BF4B-00C04F79EFBC}") = "C-Sharp Secure Coding - In-Memory Encryption", "C-Sharp Secure Coding - In-Memory Encryption\C-Sharp Secure Coding - In-Memory Encryption.csproj", "{4252D72B-F1A7-49E2-A2AD-6274CC51965B}"
EndProject
Global
	GlobalSection(SolutionConfigurationPlatforms) = preSolution
		Debug|Any CPU = Debug|Any CPU
		Release|Any CPU = Release|Any CPU
	EndGlobalSection
	GlobalSection(ProjectConfigurationPlatforms) = postSolution
		{4252D72B-F1A7-49E2-A2AD-6274CC51965B}.Debug|Any CPU.ActiveCfg = Debug|Any CPU
		{4252D72B-F1A7-49E2-A2AD-6274CC51965B}.Debug|Any CPU.Build.0 = Debug|Any CPU
		{4252D72B-F1A7-49E2-A2AD-6274CC51965B}.Release|Any CPU.ActiveCfg = Release|Any CPU
		{4252D72B-F1A7-49E2-A2AD-6274CC51965B}.Release|Any CPU.Build.0 = Release|Any CPU
	EndGlobalSection
	GlobalSection(SolutionProperties) = preSolution
		HideSolutionNode = FALSE
	EndGlobalSection
	GlobalSection(ExtensibilityGlobals) = postSolution
		SolutionGuid = {235CD373-F423-40F9-8D93-FAC5FBE7DC89}
	EndGlobalSection
EndGlobal
